// !$*UTF8*$!
{
	archiveVersion = 1;
	classes = {
	};
	objectVersion = 56;
	objects = {

/* Begin PBXBuildFile section */
		3F0471C9291AC7C000D1AEA4 /* TicketStoreApp.swift in Sources */ = {isa = PBXBuildFile; fileRef = 3F0471C8291AC7C000D1AEA4 /* TicketStoreApp.swift */; };
		3F0471CB291AC7C000D1AEA4 /* LandingView.swift in Sources */ = {isa = PBXBuildFile; fileRef = 3F0471CA291AC7C000D1AEA4 /* LandingView.swift */; };
		3F0471CD291AC7C100D1AEA4 /* Assets.xcassets in Resources */ = {isa = PBXBuildFile; fileRef = 3F0471CC291AC7C100D1AEA4 /* Assets.xcassets */; };
		3F0471D0291AC7C100D1AEA4 /* Preview Assets.xcassets in Resources */ = {isa = PBXBuildFile; fileRef = 3F0471CF291AC7C100D1AEA4 /* Preview Assets.xcassets */; };
		3F0471DA291AC7C100D1AEA4 /* SwiftUI_CombineTests.swift in Sources */ = {isa = PBXBuildFile; fileRef = 3F0471D9291AC7C100D1AEA4 /* SwiftUI_CombineTests.swift */; };
		3F0471E4291AC7C100D1AEA4 /* SwiftUI_CombineUITests.swift in Sources */ = {isa = PBXBuildFile; fileRef = 3F0471E3291AC7C100D1AEA4 /* SwiftUI_CombineUITests.swift */; };
		3F0471E6291AC7C100D1AEA4 /* SwiftUI_CombineUITestsLaunchTests.swift in Sources */ = {isa = PBXBuildFile; fileRef = 3F0471E5291AC7C100D1AEA4 /* SwiftUI_CombineUITestsLaunchTests.swift */; };
		3F0471F3291ACCA900D1AEA4 /* PrimaryButtonStyle.swift in Sources */ = {isa = PBXBuildFile; fileRef = 3F0471F2291ACCA900D1AEA4 /* PrimaryButtonStyle.swift */; };
		3F0471F5291ACE0100D1AEA4 /* Color+Extension.swift in Sources */ = {isa = PBXBuildFile; fileRef = 3F0471F4291ACE0100D1AEA4 /* Color+Extension.swift */; };
		3F365EFD291C20EF00FFFDEB /* SelectTeam.swift in Sources */ = {isa = PBXBuildFile; fileRef = 3F365EFC291C20EF00FFFDEB /* SelectTeam.swift */; };
		3F365EFF291C216200FFFDEB /* DropdownView.swift in Sources */ = {isa = PBXBuildFile; fileRef = 3F365EFE291C216200FFFDEB /* DropdownView.swift */; };
		3F365F01291C27F200FFFDEB /* SelectMatch.swift in Sources */ = {isa = PBXBuildFile; fileRef = 3F365F00291C27F200FFFDEB /* SelectMatch.swift */; };
		3F93C54B291D5AEB00363AB6 /* SelectTeamViewModel.swift in Sources */ = {isa = PBXBuildFile; fileRef = 3F93C54A291D5AEB00363AB6 /* SelectTeamViewModel.swift */; };
		3F93C54D291D5BBE00363AB6 /* DropdownItemProtocol.swift in Sources */ = {isa = PBXBuildFile; fileRef = 3F93C54C291D5BBE00363AB6 /* DropdownItemProtocol.swift */; };
/* End PBXBuildFile section */

/* Begin PBXContainerItemProxy section */
		3F0471D6291AC7C100D1AEA4 /* PBXContainerItemProxy */ = {
			isa = PBXContainerItemProxy;
			containerPortal = 3F0471BD291AC7C000D1AEA4 /* Project object */;
			proxyType = 1;
			remoteGlobalIDString = 3F0471C4291AC7C000D1AEA4;
			remoteInfo = "SwiftUI-Combine";
		};
		3F0471E0291AC7C100D1AEA4 /* PBXContainerItemProxy */ = {
			isa = PBXContainerItemProxy;
			containerPortal = 3F0471BD291AC7C000D1AEA4 /* Project object */;
			proxyType = 1;
			remoteGlobalIDString = 3F0471C4291AC7C000D1AEA4;
			remoteInfo = "SwiftUI-Combine";
		};
/* End PBXContainerItemProxy section */

/* Begin PBXFileReference section */
		3F0471C5291AC7C000D1AEA4 /* SwiftUI-Combine.app */ = {isa = PBXFileReference; explicitFileType = wrapper.application; includeInIndex = 0; path = "SwiftUI-Combine.app"; sourceTree = BUILT_PRODUCTS_DIR; };
		3F0471C8291AC7C000D1AEA4 /* TicketStoreApp.swift */ = {isa = PBXFileReference; lastKnownFileType = sourcecode.swift; path = TicketStoreApp.swift; sourceTree = "<group>"; };
		3F0471CA291AC7C000D1AEA4 /* LandingView.swift */ = {isa = PBXFileReference; lastKnownFileType = sourcecode.swift; path = LandingView.swift; sourceTree = "<group>"; };
		3F0471CC291AC7C100D1AEA4 /* Assets.xcassets */ = {isa = PBXFileReference; lastKnownFileType = folder.assetcatalog; path = Assets.xcassets; sourceTree = "<group>"; };
		3F0471CF291AC7C100D1AEA4 /* Preview Assets.xcassets */ = {isa = PBXFileReference; lastKnownFileType = folder.assetcatalog; path = "Preview Assets.xcassets"; sourceTree = "<group>"; };
		3F0471D5291AC7C100D1AEA4 /* SwiftUI-CombineTests.xctest */ = {isa = PBXFileReference; explicitFileType = wrapper.cfbundle; includeInIndex = 0; path = "SwiftUI-CombineTests.xctest"; sourceTree = BUILT_PRODUCTS_DIR; };
		3F0471D9291AC7C100D1AEA4 /* SwiftUI_CombineTests.swift */ = {isa = PBXFileReference; lastKnownFileType = sourcecode.swift; path = SwiftUI_CombineTests.swift; sourceTree = "<group>"; };
		3F0471DF291AC7C100D1AEA4 /* SwiftUI-CombineUITests.xctest */ = {isa = PBXFileReference; explicitFileType = wrapper.cfbundle; includeInIndex = 0; path = "SwiftUI-CombineUITests.xctest"; sourceTree = BUILT_PRODUCTS_DIR; };
		3F0471E3291AC7C100D1AEA4 /* SwiftUI_CombineUITests.swift */ = {isa = PBXFileReference; lastKnownFileType = sourcecode.swift; path = SwiftUI_CombineUITests.swift; sourceTree = "<group>"; };
		3F0471E5291AC7C100D1AEA4 /* SwiftUI_CombineUITestsLaunchTests.swift */ = {isa = PBXFileReference; lastKnownFileType = sourcecode.swift; path = SwiftUI_CombineUITestsLaunchTests.swift; sourceTree = "<group>"; };
		3F0471F2291ACCA900D1AEA4 /* PrimaryButtonStyle.swift */ = {isa = PBXFileReference; lastKnownFileType = sourcecode.swift; path = PrimaryButtonStyle.swift; sourceTree = "<group>"; };
		3F0471F4291ACE0100D1AEA4 /* Color+Extension.swift */ = {isa = PBXFileReference; lastKnownFileType = sourcecode.swift; path = "Color+Extension.swift"; sourceTree = "<group>"; };
		3F365EFC291C20EF00FFFDEB /* SelectTeam.swift */ = {isa = PBXFileReference; lastKnownFileType = sourcecode.swift; path = SelectTeam.swift; sourceTree = "<group>"; };
		3F365EFE291C216200FFFDEB /* DropdownView.swift */ = {isa = PBXFileReference; lastKnownFileType = sourcecode.swift; path = DropdownView.swift; sourceTree = "<group>"; };
		3F365F00291C27F200FFFDEB /* SelectMatch.swift */ = {isa = PBXFileReference; lastKnownFileType = sourcecode.swift; path = SelectMatch.swift; sourceTree = "<group>"; };
		3F93C54A291D5AEB00363AB6 /* SelectTeamViewModel.swift */ = {isa = PBXFileReference; lastKnownFileType = sourcecode.swift; path = SelectTeamViewModel.swift; sourceTree = "<group>"; };
		3F93C54C291D5BBE00363AB6 /* DropdownItemProtocol.swift */ = {isa = PBXFileReference; lastKnownFileType = sourcecode.swift; path = DropdownItemProtocol.swift; sourceTree = "<group>"; };
/* End PBXFileReference section */

/* Begin PBXFrameworksBuildPhase section */
		3F0471C2291AC7C000D1AEA4 /* Frameworks */ = {
			isa = PBXFrameworksBuildPhase;
			buildActionMask = 2147483647;
			files = (
			);
			runOnlyForDeploymentPostprocessing = 0;
		};
		3F0471D2291AC7C100D1AEA4 /* Frameworks */ = {
			isa = PBXFrameworksBuildPhase;
			buildActionMask = 2147483647;
			files = (
			);
			runOnlyForDeploymentPostprocessing = 0;
		};
		3F0471DC291AC7C100D1AEA4 /* Frameworks */ = {
			isa = PBXFrameworksBuildPhase;
			buildActionMask = 2147483647;
			files = (
			);
			runOnlyForDeploymentPostprocessing = 0;
		};
/* End PBXFrameworksBuildPhase section */

/* Begin PBXGroup section */
		3F0471BC291AC7C000D1AEA4 = {
			isa = PBXGroup;
			children = (
				3F0471C7291AC7C000D1AEA4 /* SwiftUI-Combine */,
				3F0471D8291AC7C100D1AEA4 /* SwiftUI-CombineTests */,
				3F0471E2291AC7C100D1AEA4 /* SwiftUI-CombineUITests */,
				3F0471C6291AC7C000D1AEA4 /* Products */,
			);
			sourceTree = "<group>";
		};
		3F0471C6291AC7C000D1AEA4 /* Products */ = {
			isa = PBXGroup;
			children = (
				3F0471C5291AC7C000D1AEA4 /* SwiftUI-Combine.app */,
				3F0471D5291AC7C100D1AEA4 /* SwiftUI-CombineTests.xctest */,
				3F0471DF291AC7C100D1AEA4 /* SwiftUI-CombineUITests.xctest */,
			);
			name = Products;
			sourceTree = "<group>";
		};
		3F0471C7291AC7C000D1AEA4 /* SwiftUI-Combine */ = {
			isa = PBXGroup;
			children = (
				3F93C549291D5AC200363AB6 /* ViewModel */,
				3F0471C8291AC7C000D1AEA4 /* TicketStoreApp.swift */,
				3F0471CA291AC7C000D1AEA4 /* LandingView.swift */,
				3F0471CC291AC7C100D1AEA4 /* Assets.xcassets */,
				3F0471CE291AC7C100D1AEA4 /* Preview Content */,
				3F0471F2291ACCA900D1AEA4 /* PrimaryButtonStyle.swift */,
				3F0471F4291ACE0100D1AEA4 /* Color+Extension.swift */,
				3F365EFC291C20EF00FFFDEB /* SelectTeam.swift */,
				3F365EFE291C216200FFFDEB /* DropdownView.swift */,
				3F365F00291C27F200FFFDEB /* SelectMatch.swift */,
			);
			path = "SwiftUI-Combine";
			sourceTree = "<group>";
		};
		3F0471CE291AC7C100D1AEA4 /* Preview Content */ = {
			isa = PBXGroup;
			children = (
				3F0471CF291AC7C100D1AEA4 /* Preview Assets.xcassets */,
			);
			path = "Preview Content";
			sourceTree = "<group>";
		};
		3F0471D8291AC7C100D1AEA4 /* SwiftUI-CombineTests */ = {
			isa = PBXGroup;
			children = (
				3F0471D9291AC7C100D1AEA4 /* SwiftUI_CombineTests.swift */,
			);
			path = "SwiftUI-CombineTests";
			sourceTree = "<group>";
		};
		3F0471E2291AC7C100D1AEA4 /* SwiftUI-CombineUITests */ = {
			isa = PBXGroup;
			children = (
				3F0471E3291AC7C100D1AEA4 /* SwiftUI_CombineUITests.swift */,
				3F0471E5291AC7C100D1AEA4 /* SwiftUI_CombineUITestsLaunchTests.swift */,
			);
			path = "SwiftUI-CombineUITests";
			sourceTree = "<group>";
		};
		3F93C549291D5AC200363AB6 /* ViewModel */ = {
			isa = PBXGroup;
			children = (
				3F93C54A291D5AEB00363AB6 /* SelectTeamViewModel.swift */,
				3F93C54C291D5BBE00363AB6 /* DropdownItemProtocol.swift */,
			);
			path = ViewModel;
			sourceTree = "<group>";
		};
/* End PBXGroup section */

/* Begin PBXNativeTarget section */
		3F0471C4291AC7C000D1AEA4 /* SwiftUI-Combine */ = {
			isa = PBXNativeTarget;
			buildConfigurationList = 3F0471E9291AC7C100D1AEA4 /* Build configuration list for PBXNativeTarget "SwiftUI-Combine" */;
			buildPhases = (
				3F0471C1291AC7C000D1AEA4 /* Sources */,
				3F0471C2291AC7C000D1AEA4 /* Frameworks */,
				3F0471C3291AC7C000D1AEA4 /* Resources */,
			);
			buildRules = (
			);
			dependencies = (
			);
			name = "SwiftUI-Combine";
			productName = "SwiftUI-Combine";
			productReference = 3F0471C5291AC7C000D1AEA4 /* SwiftUI-Combine.app */;
			productType = "com.apple.product-type.application";
		};
		3F0471D4291AC7C100D1AEA4 /* SwiftUI-CombineTests */ = {
			isa = PBXNativeTarget;
			buildConfigurationList = 3F0471EC291AC7C100D1AEA4 /* Build configuration list for PBXNativeTarget "SwiftUI-CombineTests" */;
			buildPhases = (
				3F0471D1291AC7C100D1AEA4 /* Sources */,
				3F0471D2291AC7C100D1AEA4 /* Frameworks */,
				3F0471D3291AC7C100D1AEA4 /* Resources */,
			);
			buildRules = (
			);
			dependencies = (
				3F0471D7291AC7C100D1AEA4 /* PBXTargetDependency */,
			);
			name = "SwiftUI-CombineTests";
			productName = "SwiftUI-CombineTests";
			productReference = 3F0471D5291AC7C100D1AEA4 /* SwiftUI-CombineTests.xctest */;
			productType = "com.apple.product-type.bundle.unit-test";
		};
		3F0471DE291AC7C100D1AEA4 /* SwiftUI-CombineUITests */ = {
			isa = PBXNativeTarget;
			buildConfigurationList = 3F0471EF291AC7C100D1AEA4 /* Build configuration list for PBXNativeTarget "SwiftUI-CombineUITests" */;
			buildPhases = (
				3F0471DB291AC7C100D1AEA4 /* Sources */,
				3F0471DC291AC7C100D1AEA4 /* Frameworks */,
				3F0471DD291AC7C100D1AEA4 /* Resources */,
			);
			buildRules = (
			);
			dependencies = (
				3F0471E1291AC7C100D1AEA4 /* PBXTargetDependency */,
			);
			name = "SwiftUI-CombineUITests";
			productName = "SwiftUI-CombineUITests";
			productReference = 3F0471DF291AC7C100D1AEA4 /* SwiftUI-CombineUITests.xctest */;
			productType = "com.apple.product-type.bundle.ui-testing";
		};
/* End PBXNativeTarget section */

/* Begin PBXProject section */
		3F0471BD291AC7C000D1AEA4 /* Project object */ = {
			isa = PBXProject;
			attributes = {
				BuildIndependentTargetsInParallel = 1;
				LastSwiftUpdateCheck = 1400;
				LastUpgradeCheck = 1400;
				TargetAttributes = {
					3F0471C4291AC7C000D1AEA4 = {
						CreatedOnToolsVersion = 14.0.1;
					};
					3F0471D4291AC7C100D1AEA4 = {
						CreatedOnToolsVersion = 14.0.1;
						TestTargetID = 3F0471C4291AC7C000D1AEA4;
					};
					3F0471DE291AC7C100D1AEA4 = {
						CreatedOnToolsVersion = 14.0.1;
						TestTargetID = 3F0471C4291AC7C000D1AEA4;
					};
				};
			};
			buildConfigurationList = 3F0471C0291AC7C000D1AEA4 /* Build configuration list for PBXProject "SwiftUI-Combine" */;
			compatibilityVersion = "Xcode 14.0";
			developmentRegion = en;
			hasScannedForEncodings = 0;
			knownRegions = (
				en,
				Base,
			);
			mainGroup = 3F0471BC291AC7C000D1AEA4;
			productRefGroup = 3F0471C6291AC7C000D1AEA4 /* Products */;
			projectDirPath = "";
			projectRoot = "";
			targets = (
				3F0471C4291AC7C000D1AEA4 /* SwiftUI-Combine */,
				3F0471D4291AC7C100D1AEA4 /* SwiftUI-CombineTests */,
				3F0471DE291AC7C100D1AEA4 /* SwiftUI-CombineUITests */,
			);
		};
/* End PBXProject section */

/* Begin PBXResourcesBuildPhase section */
		3F0471C3291AC7C000D1AEA4 /* Resources */ = {
			isa = PBXResourcesBuildPhase;
			buildActionMask = 2147483647;
			files = (
				3F0471D0291AC7C100D1AEA4 /* Preview Assets.xcassets in Resources */,
				3F0471CD291AC7C100D1AEA4 /* Assets.xcassets in Resources */,
			);
			runOnlyForDeploymentPostprocessing = 0;
		};
		3F0471D3291AC7C100D1AEA4 /* Resources */ = {
			isa = PBXResourcesBuildPhase;
			buildActionMask = 2147483647;
			files = (
			);
			runOnlyForDeploymentPostprocessing = 0;
		};
		3F0471DD291AC7C100D1AEA4 /* Resources */ = {
			isa = PBXResourcesBuildPhase;
			buildActionMask = 2147483647;
			files = (
			);
			runOnlyForDeploymentPostprocessing = 0;
		};
/* End PBXResourcesBuildPhase section */

/* Begin PBXSourcesBuildPhase section */
		3F0471C1291AC7C000D1AEA4 /* Sources */ = {
			isa = PBXSourcesBuildPhase;
			buildActionMask = 2147483647;
			files = (
				3F0471F3291ACCA900D1AEA4 /* PrimaryButtonStyle.swift in Sources */,
				3F0471CB291AC7C000D1AEA4 /* LandingView.swift in Sources */,
				3F365F01291C27F200FFFDEB /* SelectMatch.swift in Sources */,
				3F93C54D291D5BBE00363AB6 /* DropdownItemProtocol.swift in Sources */,
				3F365EFD291C20EF00FFFDEB /* SelectTeam.swift in Sources */,
				3F0471C9291AC7C000D1AEA4 /* TicketStoreApp.swift in Sources */,
				3F0471F5291ACE0100D1AEA4 /* Color+Extension.swift in Sources */,
				3F365EFF291C216200FFFDEB /* DropdownView.swift in Sources */,
				3F93C54B291D5AEB00363AB6 /* SelectTeamViewModel.swift in Sources */,
			);
			runOnlyForDeploymentPostprocessing = 0;
		};
		3F0471D1291AC7C100D1AEA4 /* Sources */ = {
			isa = PBXSourcesBuildPhase;
			buildActionMask = 2147483647;
			files = (
				3F0471DA291AC7C100D1AEA4 /* SwiftUI_CombineTests.swift in Sources */,
			);
			runOnlyForDeploymentPostprocessing = 0;
		};
		3F0471DB291AC7C100D1AEA4 /* Sources */ = {
			isa = PBXSourcesBuildPhase;
			buildActionMask = 2147483647;
			files = (
				3F0471E6291AC7C100D1AEA4 /* SwiftUI_CombineUITestsLaunchTests.swift in Sources */,
				3F0471E4291AC7C100D1AEA4 /* SwiftUI_CombineUITests.swift in Sources */,
			);
			runOnlyForDeploymentPostprocessing = 0;
		};
/* End PBXSourcesBuildPhase section */

/* Begin PBXTargetDependency section */
		3F0471D7291AC7C100D1AEA4 /* PBXTargetDependency */ = {
			isa = PBXTargetDependency;
			target = 3F0471C4291AC7C000D1AEA4 /* SwiftUI-Combine */;
			targetProxy = 3F0471D6291AC7C100D1AEA4 /* PBXContainerItemProxy */;
		};
		3F0471E1291AC7C100D1AEA4 /* PBXTargetDependency */ = {
			isa = PBXTargetDependency;
			target = 3F0471C4291AC7C000D1AEA4 /* SwiftUI-Combine */;
			targetProxy = 3F0471E0291AC7C100D1AEA4 /* PBXContainerItemProxy */;
		};
/* End PBXTargetDependency section */

/* Begin XCBuildConfiguration section */
		3F0471E7291AC7C100D1AEA4 /* Debug */ = {
			isa = XCBuildConfiguration;
			buildSettings = {
				ALWAYS_SEARCH_USER_PATHS = NO;
				CLANG_ANALYZER_NONNULL = YES;
				CLANG_ANALYZER_NUMBER_OBJECT_CONVERSION = YES_AGGRESSIVE;
				CLANG_CXX_LANGUAGE_STANDARD = "gnu++20";
				CLANG_ENABLE_MODULES = YES;
				CLANG_ENABLE_OBJC_ARC = YES;
				CLANG_ENABLE_OBJC_WEAK = YES;
				CLANG_WARN_BLOCK_CAPTURE_AUTORELEASING = YES;
				CLANG_WARN_BOOL_CONVERSION = YES;
				CLANG_WARN_COMMA = YES;
				CLANG_WARN_CONSTANT_CONVERSION = YES;
				CLANG_WARN_DEPRECATED_OBJC_IMPLEMENTATIONS = YES;
				CLANG_WARN_DIRECT_OBJC_ISA_USAGE = YES_ERROR;
				CLANG_WARN_DOCUMENTATION_COMMENTS = YES;
				CLANG_WARN_EMPTY_BODY = YES;
				CLANG_WARN_ENUM_CONVERSION = YES;
				CLANG_WARN_INFINITE_RECURSION = YES;
				CLANG_WARN_INT_CONVERSION = YES;
				CLANG_WARN_NON_LITERAL_NULL_CONVERSION = YES;
				CLANG_WARN_OBJC_IMPLICIT_RETAIN_SELF = YES;
				CLANG_WARN_OBJC_LITERAL_CONVERSION = YES;
				CLANG_WARN_OBJC_ROOT_CLASS = YES_ERROR;
				CLANG_WARN_QUOTED_INCLUDE_IN_FRAMEWORK_HEADER = YES;
				CLANG_WARN_RANGE_LOOP_ANALYSIS = YES;
				CLANG_WARN_STRICT_PROTOTYPES = YES;
				CLANG_WARN_SUSPICIOUS_MOVE = YES;
				CLANG_WARN_UNGUARDED_AVAILABILITY = YES_AGGRESSIVE;
				CLANG_WARN_UNREACHABLE_CODE = YES;
				CLANG_WARN__DUPLICATE_METHOD_MATCH = YES;
				COPY_PHASE_STRIP = NO;
				DEBUG_INFORMATION_FORMAT = dwarf;
				ENABLE_STRICT_OBJC_MSGSEND = YES;
				ENABLE_TESTABILITY = YES;
				GCC_C_LANGUAGE_STANDARD = gnu11;
				GCC_DYNAMIC_NO_PIC = NO;
				GCC_NO_COMMON_BLOCKS = YES;
				GCC_OPTIMIZATION_LEVEL = 0;
				GCC_PREPROCESSOR_DEFINITIONS = (
					"DEBUG=1",
					"$(inherited)",
				);
				GCC_WARN_64_TO_32_BIT_CONVERSION = YES;
				GCC_WARN_ABOUT_RETURN_TYPE = YES_ERROR;
				GCC_WARN_UNDECLARED_SELECTOR = YES;
				GCC_WARN_UNINITIALIZED_AUTOS = YES_AGGRESSIVE;
				GCC_WARN_UNUSED_FUNCTION = YES;
				GCC_WARN_UNUSED_VARIABLE = YES;
				IPHONEOS_DEPLOYMENT_TARGET = 16.0;
				MTL_ENABLE_DEBUG_INFO = INCLUDE_SOURCE;
				MTL_FAST_MATH = YES;
				ONLY_ACTIVE_ARCH = YES;
				SDKROOT = iphoneos;
				SWIFT_ACTIVE_COMPILATION_CONDITIONS = DEBUG;
				SWIFT_OPTIMIZATION_LEVEL = "-Onone";
			};
			name = Debug;
		};
		3F0471E8291AC7C100D1AEA4 /* Release */ = {
			isa = XCBuildConfiguration;
			buildSettings = {
				ALWAYS_SEARCH_USER_PATHS = NO;
				CLANG_ANALYZER_NONNULL = YES;
				CLANG_ANALYZER_NUMBER_OBJECT_CONVERSION = YES_AGGRESSIVE;
				CLANG_CXX_LANGUAGE_STANDARD = "gnu++20";
				CLANG_ENABLE_MODULES = YES;
				CLANG_ENABLE_OBJC_ARC = YES;
				CLANG_ENABLE_OBJC_WEAK = YES;
				CLANG_WARN_BLOCK_CAPTURE_AUTORELEASING = YES;
				CLANG_WARN_BOOL_CONVERSION = YES;
				CLANG_WARN_COMMA = YES;
				CLANG_WARN_CONSTANT_CONVERSION = YES;
				CLANG_WARN_DEPRECATED_OBJC_IMPLEMENTATIONS = YES;
				CLANG_WARN_DIRECT_OBJC_ISA_USAGE = YES_ERROR;
				CLANG_WARN_DOCUMENTATION_COMMENTS = YES;
				CLANG_WARN_EMPTY_BODY = YES;
				CLANG_WARN_ENUM_CONVERSION = YES;
				CLANG_WARN_INFINITE_RECURSION = YES;
				CLANG_WARN_INT_CONVERSION = YES;
				CLANG_WARN_NON_LITERAL_NULL_CONVERSION = YES;
				CLANG_WARN_OBJC_IMPLICIT_RETAIN_SELF = YES;
				CLANG_WARN_OBJC_LITERAL_CONVERSION = YES;
				CLANG_WARN_OBJC_ROOT_CLASS = YES_ERROR;
				CLANG_WARN_QUOTED_INCLUDE_IN_FRAMEWORK_HEADER = YES;
				CLANG_WARN_RANGE_LOOP_ANALYSIS = YES;
				CLANG_WARN_STRICT_PROTOTYPES = YES;
				CLANG_WARN_SUSPICIOUS_MOVE = YES;
				CLANG_WARN_UNGUARDED_AVAILABILITY = YES_AGGRESSIVE;
				CLANG_WARN_UNREACHABLE_CODE = YES;
				CLANG_WARN__DUPLICATE_METHOD_MATCH = YES;
				COPY_PHASE_STRIP = NO;
				DEBUG_INFORMATION_FORMAT = "dwarf-with-dsym";
				ENABLE_NS_ASSERTIONS = NO;
				ENABLE_STRICT_OBJC_MSGSEND = YES;
				GCC_C_LANGUAGE_STANDARD = gnu11;
				GCC_NO_COMMON_BLOCKS = YES;
				GCC_WARN_64_TO_32_BIT_CONVERSION = YES;
				GCC_WARN_ABOUT_RETURN_TYPE = YES_ERROR;
				GCC_WARN_UNDECLARED_SELECTOR = YES;
				GCC_WARN_UNINITIALIZED_AUTOS = YES_AGGRESSIVE;
				GCC_WARN_UNUSED_FUNCTION = YES;
				GCC_WARN_UNUSED_VARIABLE = YES;
				IPHONEOS_DEPLOYMENT_TARGET = 16.0;
				MTL_ENABLE_DEBUG_INFO = NO;
				MTL_FAST_MATH = YES;
				SDKROOT = iphoneos;
				SWIFT_COMPILATION_MODE = wholemodule;
				SWIFT_OPTIMIZATION_LEVEL = "-O";
				VALIDATE_PRODUCT = YES;
			};
			name = Release;
		};
		3F0471EA291AC7C100D1AEA4 /* Debug */ = {
			isa = XCBuildConfiguration;
			buildSettings = {
				ASSETCATALOG_COMPILER_APPICON_NAME = AppIcon;
				ASSETCATALOG_COMPILER_GLOBAL_ACCENT_COLOR_NAME = AccentColor;
				CODE_SIGN_STYLE = Automatic;
				CURRENT_PROJECT_VERSION = 1;
				DEVELOPMENT_ASSET_PATHS = "\"SwiftUI-Combine/Preview Content\"";
				ENABLE_PREVIEWS = YES;
				GENERATE_INFOPLIST_FILE = YES;
				INFOPLIST_KEY_UIApplicationSceneManifest_Generation = YES;
				INFOPLIST_KEY_UIApplicationSupportsIndirectInputEvents = YES;
				INFOPLIST_KEY_UILaunchScreen_Generation = YES;
				INFOPLIST_KEY_UISupportedInterfaceOrientations_iPad = "UIInterfaceOrientationPortrait UIInterfaceOrientationPortraitUpsideDown UIInterfaceOrientationLandscapeLeft UIInterfaceOrientationLandscapeRight";
				INFOPLIST_KEY_UISupportedInterfaceOrientations_iPhone = "UIInterfaceOrientationPortrait UIInterfaceOrientationLandscapeLeft UIInterfaceOrientationLandscapeRight";
				LD_RUNPATH_SEARCH_PATHS = (
					"$(inherited)",
					"@executable_path/Frameworks",
				);
				MARKETING_VERSION = 1.0;
				PRODUCT_BUNDLE_IDENTIFIER = "com.willbkk.SwiftUI-Combine";
				PRODUCT_NAME = "$(TARGET_NAME)";
				SWIFT_EMIT_LOC_STRINGS = YES;
				SWIFT_VERSION = 5.0;
				TARGETED_DEVICE_FAMILY = "1,2";
			};
			name = Debug;
		};
		3F0471EB291AC7C100D1AEA4 /* Release */ = {
			isa = XCBuildConfiguration;
			buildSettings = {
				ASSETCATALOG_COMPILER_APPICON_NAME = AppIcon;
				ASSETCATALOG_COMPILER_GLOBAL_ACCENT_COLOR_NAME = AccentColor;
				CODE_SIGN_STYLE = Automatic;
				CURRENT_PROJECT_VERSION = 1;
				DEVELOPMENT_ASSET_PATHS = "\"SwiftUI-Combine/Preview Content\"";
				ENABLE_PREVIEWS = YES;
				GENERATE_INFOPLIST_FILE = YES;
				INFOPLIST_KEY_UIApplicationSceneManifest_Generation = YES;
				INFOPLIST_KEY_UIApplicationSupportsIndirectInputEvents = YES;
				INFOPLIST_KEY_UILaunchScreen_Generation = YES;
				INFOPLIST_KEY_UISupportedInterfaceOrientations_iPad = "UIInterfaceOrientationPortrait UIInterfaceOrientationPortraitUpsideDown UIInterfaceOrientationLandscapeLeft UIInterfaceOrientationLandscapeRight";
				INFOPLIST_KEY_UISupportedInterfaceOrientations_iPhone = "UIInterfaceOrientationPortrait UIInterfaceOrientationLandscapeLeft UIInterfaceOrientationLandscapeRight";
				LD_RUNPATH_SEARCH_PATHS = (
					"$(inherited)",
					"@executable_path/Frameworks",
				);
				MARKETING_VERSION = 1.0;
				PRODUCT_BUNDLE_IDENTIFIER = "com.willbkk.SwiftUI-Combine";
				PRODUCT_NAME = "$(TARGET_NAME)";
				SWIFT_EMIT_LOC_STRINGS = YES;
				SWIFT_VERSION = 5.0;
				TARGETED_DEVICE_FAMILY = "1,2";
			};
			name = Release;
		};
		3F0471ED291AC7C100D1AEA4 /* Debug */ = {
			isa = XCBuildConfiguration;
			buildSettings = {
				ALWAYS_EMBED_SWIFT_STANDARD_LIBRARIES = YES;
				BUNDLE_LOADER = "$(TEST_HOST)";
				CODE_SIGN_STYLE = Automatic;
				CURRENT_PROJECT_VERSION = 1;
				GENERATE_INFOPLIST_FILE = YES;
				IPHONEOS_DEPLOYMENT_TARGET = 16.0;
				MARKETING_VERSION = 1.0;
				PRODUCT_BUNDLE_IDENTIFIER = "com.willbkk.SwiftUI-CombineTests";
				PRODUCT_NAME = "$(TARGET_NAME)";
				SWIFT_EMIT_LOC_STRINGS = NO;
				SWIFT_VERSION = 5.0;
				TARGETED_DEVICE_FAMILY = "1,2";
				TEST_HOST = "$(BUILT_PRODUCTS_DIR)/SwiftUI-Combine.app/$(BUNDLE_EXECUTABLE_FOLDER_PATH)/SwiftUI-Combine";
			};
			name = Debug;
		};
		3F0471EE291AC7C100D1AEA4 /* Release */ = {
			isa = XCBuildConfiguration;
			buildSettings = {
				ALWAYS_EMBED_SWIFT_STANDARD_LIBRARIES = YES;
				BUNDLE_LOADER = "$(TEST_HOST)";
				CODE_SIGN_STYLE = Automatic;
				CURRENT_PROJECT_VERSION = 1;
				GENERATE_INFOPLIST_FILE = YES;
				IPHONEOS_DEPLOYMENT_TARGET = 16.0;
				MARKETING_VERSION = 1.0;
				PRODUCT_BUNDLE_IDENTIFIER = "com.willbkk.SwiftUI-CombineTests";
				PRODUCT_NAME = "$(TARGET_NAME)";
				SWIFT_EMIT_LOC_STRINGS = NO;
				SWIFT_VERSION = 5.0;
				TARGETED_DEVICE_FAMILY = "1,2";
				TEST_HOST = "$(BUILT_PRODUCTS_DIR)/SwiftUI-Combine.app/$(BUNDLE_EXECUTABLE_FOLDER_PATH)/SwiftUI-Combine";
			};
			name = Release;
		};
		3F0471F0291AC7C100D1AEA4 /* Debug */ = {
			isa = XCBuildConfiguration;
			buildSettings = {
				ALWAYS_EMBED_SWIFT_STANDARD_LIBRARIES = YES;
				CODE_SIGN_STYLE = Automatic;
				CURRENT_PROJECT_VERSION = 1;
				GENERATE_INFOPLIST_FILE = YES;
				MARKETING_VERSION = 1.0;
				PRODUCT_BUNDLE_IDENTIFIER = "com.willbkk.SwiftUI-CombineUITests";
				PRODUCT_NAME = "$(TARGET_NAME)";
				SWIFT_EMIT_LOC_STRINGS = NO;
				SWIFT_VERSION = 5.0;
				TARGETED_DEVICE_FAMILY = "1,2";
				TEST_TARGET_NAME = "SwiftUI-Combine";
			};
			name = Debug;
		};
		3F0471F1291AC7C100D1AEA4 /* Release */ = {
			isa = XCBuildConfiguration;
			buildSettings = {
				ALWAYS_EMBED_SWIFT_STANDARD_LIBRARIES = YES;
				CODE_SIGN_STYLE = Automatic;
				CURRENT_PROJECT_VERSION = 1;
				GENERATE_INFOPLIST_FILE = YES;
				MARKETING_VERSION = 1.0;
				PRODUCT_BUNDLE_IDENTIFIER = "com.willbkk.SwiftUI-CombineUITests";
				PRODUCT_NAME = "$(TARGET_NAME)";
				SWIFT_EMIT_LOC_STRINGS = NO;
				SWIFT_VERSION = 5.0;
				TARGETED_DEVICE_FAMILY = "1,2";
				TEST_TARGET_NAME = "SwiftUI-Combine";
			};
			name = Release;
		};
/* End XCBuildConfiguration section */

/* Begin XCConfigurationList section */
		3F0471C0291AC7C000D1AEA4 /* Build configuration list for PBXProject "SwiftUI-Combine" */ = {
			isa = XCConfigurationList;
			buildConfigurations = (
				3F0471E7291AC7C100D1AEA4 /* Debug */,
				3F0471E8291AC7C100D1AEA4 /* Release */,
			);
			defaultConfigurationIsVisible = 0;
			defaultConfigurationName = Release;
		};
		3F0471E9291AC7C100D1AEA4 /* Build configuration list for PBXNativeTarget "SwiftUI-Combine" */ = {
			isa = XCConfigurationList;
			buildConfigurations = (
				3F0471EA291AC7C100D1AEA4 /* Debug */,
				3F0471EB291AC7C100D1AEA4 /* Release */,
			);
			defaultConfigurationIsVisible = 0;
			defaultConfigurationName = Release;
		};
		3F0471EC291AC7C100D1AEA4 /* Build configuration list for PBXNativeTarget "SwiftUI-CombineTests" */ = {
			isa = XCConfigurationList;
			buildConfigurations = (
				3F0471ED291AC7C100D1AEA4 /* Debug */,
				3F0471EE291AC7C100D1AEA4 /* Release */,
			);
			defaultConfigurationIsVisible = 0;
			defaultConfigurationName = Release;
		};
		3F0471EF291AC7C100D1AEA4 /* Build configuration list for PBXNativeTarget "SwiftUI-CombineUITests" */ = {
			isa = XCConfigurationList;
			buildConfigurations = (
				3F0471F0291AC7C100D1AEA4 /* Debug */,
				3F0471F1291AC7C100D1AEA4 /* Release */,
			);
			defaultConfigurationIsVisible = 0;
			defaultConfigurationName = Release;
		};
/* End XCConfigurationList section */
	};
	rootObject = 3F0471BD291AC7C000D1AEA4 /* Project object */;
}
